# Generated from the project-specific .venv on 2026-08-15.
# Rebuild only through the documented environment-lock workflow.
akshare==1.18.88
beautifulsoup4==4.15.0
bs4==0.0.2
certifi==2026.7.22
cffi==2.0.0
charset-normalizer==3.5.0
curl_cffi==0.13.0
decorator==5.3.1
et_xmlfile==2.0.0
exceptiongroup==1.3.1
html5lib==1.1
idna==3.18
iniconfig==2.1.0
jsonpath==0.82.2
lxml==6.1.1
mini-racer==0.12.4
numpy==2.0.2
openpyxl==3.1.5
packaging==26.3
pandas==2.3.3
pluggy==1.6.0
Pygments==2.20.0
pyarrow==21.0.0
pycparser==2.23
pytest==8.4.2
python-dateutil==2.9.0.post0
pytz==2026.3.post1
requests==2.32.5
ruff==0.16.3
simplejson==4.1.1
six==1.17.0
soupsieve==2.8.4
tabulate==0.9.0
tomli==2.4.1
tqdm==4.70.0
tushare==1.4.29
typing_extensions==4.16.0
tzdata==2026.3
urllib3==1.26.20
webencodings==0.5.1
websocket-client==1.9.0
xlrd==2.0.2
